
Microsoft Visual Studio Solution File, Format Version 12.00
# Visual Studio Version 16
VisualStudioVersion = 16.0.30011.22
MinimumVisualStudioVersion = 10.0.40219.1
Project("{FAE04EC0-301F-11D3-BF4B-00C04F79EFBC}") = "MyCost", "MyCost\MyCost.csproj", "{5FADA697-8FC0-490C-8C26-700B42E70351}"
EndProject
Project("{54435603-DBB4-11D2-8724-00A0C9A8B90C}") = "MyCost Setup", "MyCost Setup\MyCost Setup.vdproj", "{9404F092-A5DC-43E6-8A98-5C8145B3DC44}"
EndProject
Global
	GlobalSection(SolutionConfigurationPlatforms) = preSolution
		Debug|Any CPU = Debug|Any CPU
		Release|Any CPU = Release|Any CPU
	EndGlobalSection
	GlobalSection(ProjectConfigurationPlatforms) = postSolution
		{5FADA697-8FC0-490C-8C26-700B42E70351}.Debug|Any CPU.ActiveCfg = Debug|Any CPU
		{5FADA697-8FC0-490C-8C26-700B42E70351}.Debug|Any CPU.Build.0 = Debug|Any CPU
		{5FADA697-8FC0-490C-8C26-700B42E70351}.Release|Any CPU.ActiveCfg = Release|Any CPU
		{5FADA697-8FC0-490C-8C26-700B42E70351}.Release|Any CPU.Build.0 = Release|Any CPU
		{9404F092-A5DC-43E6-8A98-5C8145B3DC44}.Debug|Any CPU.ActiveCfg = Debug
		{9404F092-A5DC-43E6-8A98-5C8145B3DC44}.Release|Any CPU.ActiveCfg = Release
	EndGlobalSection
	GlobalSection(SolutionProperties) = preSolution
		HideSolutionNode = FALSE
	EndGlobalSection
	GlobalSection(ExtensibilityGlobals) = postSolution
		SolutionGuid = {A302C450-19CC-4E8D-B993-E4D559A94EE2}
	EndGlobalSection
EndGlobal
